{
    "_meta": {
        "hash": {
            "sha256": "a147dc3887cc7dac0641a0e4667effe36a1916606c5341f8190aacc48186d6a4"
        },
        "pipfile-spec": 6,
        "requires": {
            "python_version": "3.8"
        },
        "sources": [
            {
                "name": "pypi",
                "url": "https://pypi.python.org/simple",
                "verify_ssl": true
            }
        ]
    },
    "default": {
        "appdirs": {
            "hashes": [
                "sha256:9e5896d1372858f8dd3344faf4e5014d21849c756c8d5701f78f8a103b372d92",
                "sha256:d8b24664561d0d34ddfaec54636d502d7cea6e29c3eaf68f3df6180863e2166e"
            ],
            "index": "pypi",
            "version": "==1.4.3"
        },
        "beautifulsoup4": {
            "hashes": [
                "sha256:4c98143716ef1cb40bf7f39a8e3eec8f8b009509e74904ba3a7b315431577e35",
                "sha256:84729e322ad1d5b4d25f805bfa05b902dd96450f43842c4e99067d5e1369eb25",
                "sha256:fff47e031e34ec82bf17e00da8f592fe7de69aeea38be00523c04623c04fb666"
            ],
            "index": "pypi",
            "version": "==4.9.3"
        },
        "bs4": {
            "hashes": [
                "sha256:36ecea1fd7cc5c0c6e4a1ff075df26d50da647b75376626cc186e2212886dd3a"
            ],
            "index": "pypi",
            "version": "==0.0.1"
        },
        "cachecontrol": {
            "hashes": [
                "sha256:10d056fa27f8563a271b345207402a6dcce8efab7e5b377e270329c62471b10d",
                "sha256:be9aa45477a134aee56c8fac518627e1154df063e85f67d4f83ce0ccc23688e8"
            ],
            "index": "pypi",
            "version": "==0.12.6"
        },
        "certifi": {
            "hashes": [
                "sha256:017c25db2a153ce562900032d5bc68e9f191e44e9a0f762f373977de9df1fbb3",
                "sha256:25b64c7da4cd7479594d035c08c2d809eb4aab3a26e5a990ea98cc450c320f1f"
            ],
            "index": "pypi",
            "version": "==2019.11.28"
        },
        "chardet": {
            "hashes": [
                "sha256:84ab92ed1c4d4f16916e05906b6b75a6c0fb5db821cc65e70cbd64a3e2a5eaae",
                "sha256:fc323ffcaeaed0e0a02bf4d117757b98aed530d9ed4531e3e15460124c106691"
            ],
            "index": "pypi",
            "version": "==3.0.4"
        },
        "colorama": {
            "hashes": [
                "sha256:7d73d2a99753107a36ac6b455ee49046802e59d9d076ef8e47b61499fa29afff",
                "sha256:e96da0d330793e2cb9485e9ddfd918d456036c7149416295932478192f4436a1"
            ],
            "index": "pypi",
            "version": "==0.4.3"
        },
        "contextlib2": {
            "hashes": [
                "sha256:7197aa736777caac513dbd800944c209a49765bf1979b12b037dce0277077ed3",
                "sha256:9d2c67f18c1f9b6db1b46317f7f784aa82789d2ee5dea5d9c0f0f2a764eb862e"
            ],
            "index": "pypi",
            "version": "==0.6.0"
        },
        "distlib": {
            "hashes": [
                "sha256:2e166e231a26b36d6dfe35a48c4464346620f8645ed0ace01ee31822b288de21"
            ],
            "index": "pypi",
            "version": "==0.3.0"
        },
        "distro": {
            "hashes": [
                "sha256:362dde65d846d23baee4b5c058c8586f219b5a54be1cf5fc6ff55c4578392f57",
                "sha256:eedf82a470ebe7d010f1872c17237c79ab04097948800029994fa458e52fb4b4"
            ],
            "index": "pypi",
            "version": "==1.4.0"
        },
        "html5lib": {
            "hashes": [
                "sha256:20b159aa3badc9d5ee8f5c647e5efd02ed2a66ab8d354930bd9ff139fc1dc0a3",
                "sha256:66cb0dcfdbbc4f9c3ba1a63fdb511ffdbd4f513b2b6d81b80cd26ce6b3fb3736"
            ],
            "index": "pypi",
            "version": "==1.0.1"
        },
        "idna": {
            "hashes": [
                "sha256:c357b3f628cf53ae2c4c05627ecc484553142ca23264e593d327bcde5e9c3407",
                "sha256:ea8b7f6188e6fa117537c3df7da9fc686d485087abf6ac197f9c46432f7e4a3c"
            ],
            "index": "pypi",
            "version": "==2.8"
        },
        "ipaddr": {
            "hashes": [
                "sha256:4092dfe667588d16aa12b59acb7c8a4024e5dcb23a681cd0b0b602373eca88d6"
            ],
            "index": "pypi",
            "version": "==2.2.0"
        },
        "lockfile": {
            "hashes": [
                "sha256:6aed02de03cba24efabcd600b30540140634fc06cfa603822d508d5361e9f799",
                "sha256:6c3cb24f344923d30b2785d5ad75182c8ea7ac1b6171b08657258ec7429d50fa"
            ],
            "index": "pypi",
            "version": "==0.12.2"
        },
        "lxml": {
            "hashes": [
                "sha256:098fb713b31050463751dcc694878e1d39f316b86366fb9fe3fbbe5396ac9fab",
                "sha256:0e89f5d422988c65e6936e4ec0fe54d6f73f3128c80eb7ecc3b87f595523607b",
                "sha256:189ad47203e846a7a4951c17694d845b6ade7917c47c64b29b86526eefc3adf5",
                "sha256:1d87936cb5801c557f3e981c9c193861264c01209cb3ad0964a16310ca1b3301",
                "sha256:211b3bcf5da70c2d4b84d09232534ad1d78320762e2c59dedc73bf01cb1fc45b",
                "sha256:2358809cc64394617f2719147a58ae26dac9e21bae772b45cfb80baa26bfca5d",
                "sha256:23c83112b4dada0b75789d73f949dbb4e8f29a0a3511647024a398ebd023347b",
                "sha256:24e811118aab6abe3ce23ff0d7d38932329c513f9cef849d3ee88b0f848f2aa9",
                "sha256:2d5896ddf5389560257bbe89317ca7bcb4e54a02b53a3e572e1ce4226512b51b",
                "sha256:2d6571c48328be4304aee031d2d5046cbc8aed5740c654575613c5a4f5a11311",
                "sha256:2e311a10f3e85250910a615fe194839a04a0f6bc4e8e5bb5cac221344e3a7891",
                "sha256:302160eb6e9764168e01d8c9ec6becddeb87776e81d3fcb0d97954dd51d48e0a",
                "sha256:3a7a380bfecc551cfd67d6e8ad9faa91289173bdf12e9cfafbd2bdec0d7b1ec1",
                "sha256:3d9b2b72eb0dbbdb0e276403873ecfae870599c83ba22cadff2db58541e72856",
                "sha256:475325e037fdf068e0c2140b818518cf6bc4aa72435c407a798b2db9f8e90810",
                "sha256:4b7572145054330c8e324a72d808c8c8fbe12be33368db28c39a255ad5f7fb51",
                "sha256:4fff34721b628cce9eb4538cf9a73d02e0f3da4f35a515773cce6f5fe413b360",
                "sha256:56eff8c6fb7bc4bcca395fdff494c52712b7a57486e4fbde34c31bb9da4c6cc4",
                "sha256:573b2f5496c7e9f4985de70b9bbb4719ffd293d5565513e04ac20e42e6e5583f",
                "sha256:7ecaef52fd9b9535ae5f01a1dd2651f6608e4ec9dc136fc4dfe7ebe3c3ddb230",
                "sha256:803a80d72d1f693aa448566be46ffd70882d1ad8fc689a2e22afe63035eb998a",
                "sha256:8862d1c2c020cb7a03b421a9a7b4fe046a208db30994fc8ff68c627a7915987f",
                "sha256:9b06690224258db5cd39a84e993882a6874676f5de582da57f3df3a82ead9174",
                "sha256:a71400b90b3599eb7bf241f947932e18a066907bf84617d80817998cee81e4bf",
                "sha256:bb252f802f91f59767dcc559744e91efa9df532240a502befd874b54571417bd",
                "sha256:be1ebf9cc25ab5399501c9046a7dcdaa9e911802ed0e12b7d620cd4bbf0518b3",
                "sha256:be7c65e34d1b50ab7093b90427cbc488260e4b3a38ef2435d65b62e9fa3d798a",
                "sha256:c0dac835c1a22621ffa5e5f999d57359c790c52bbd1c687fe514ae6924f65ef5",
                "sha256:c152b2e93b639d1f36ec5a8ca24cde4a8eefb2b6b83668fcd8e83a67badcb367",
                "sha256:d182eada8ea0de61a45a526aa0ae4bcd222f9673424e65315c35820291ff299c",
                "sha256:d18331ea905a41ae71596502bd4c9a2998902328bbabd29e3d0f5f8569fabad1",
                "sha256:d20d32cbb31d731def4b1502294ca2ee99f9249b63bc80e03e67e8f8e126dea8",
                "sha256:d4ad7fd3269281cb471ad6c7bafca372e69789540d16e3755dd717e9e5c9d82f",
                "sha256:d6f8c23f65a4bfe4300b85f1f40f6c32569822d08901db3b6454ab785d9117cc",
                "sha256:d84d741c6e35c9f3e7406cb7c4c2e08474c2a6441d59322a00dcae65aac6315d",
                "sha256:e65c221b2115a91035b55a593b6eb94aa1206fa3ab374f47c6dc10d364583ff9",
                "sha256:f98b6f256be6cec8dd308a8563976ddaff0bdc18b730720f6f4bee927ffe926f"
            ],
            "index": "pypi",
            "version": "==4.6.1"
        },
        "msgpack": {
            "hashes": [
                "sha256:0cc7ca04e575ba34fea7cfcd76039f55def570e6950e4155a4174368142c8e1b",
                "sha256:187794cd1eb73acccd528247e3565f6760bd842d7dc299241f830024a7dd5610",
                "sha256:1904b7cb65342d0998b75908304a03cb004c63ef31e16c8c43fee6b989d7f0d7",
                "sha256:229a0ccdc39e9b6c6d1033cd8aecd9c296823b6c87f0de3943c59b8bc7c64bee",
                "sha256:24149a75643aeaa81ece4259084d11b792308a6cf74e796cbb35def94c89a25a",
                "sha256:30b88c47e0cdb6062daed88ca283b0d84fa0d2ad6c273aa0788152a1c643e408",
                "sha256:32fea0ea3cd1ef820286863a6202dcfd62a539b8ec3edcbdff76068a8c2cc6ce",
                "sha256:355f7fd0f90134229eaeefaee3cf42e0afc8518e8f3cd4b25f541a7104dcb8f9",
                "sha256:4abdb88a9b67e64810fb54b0c24a1fd76b12297b4f7a1467d85a14dd8367191a",
                "sha256:757bd71a9b89e4f1db0622af4436d403e742506dbea978eba566815dc65ec895",
                "sha256:76df51492bc6fa6cc8b65d09efdb67cbba3cbfe55004c3afc81352af92b4a43c",
                "sha256:774f5edc3475917cd95fe593e625d23d8580f9b48b570d8853d06cac171cd170",
                "sha256:8a3ada8401736df2bf497f65589293a86c56e197a80ae7634ec2c3150a2f5082",
                "sha256:a06efd0482a1942aad209a6c18321b5e22d64eb531ea20af138b28172d8f35ba",
                "sha256:b24afc52e18dccc8c175de07c1d680bdf315844566f4952b5bedb908894bec79",
                "sha256:b8b4bd3dafc7b92608ae5462add1c8cc881851c2d4f5d8977fdea5b081d17f21",
                "sha256:c6e5024fc0cdf7f83b6624850309ddd7e06c48a75fa0d1c5173de4d93300eb19",
                "sha256:db7ff14abc73577b0bcbcf73ecff97d3580ecaa0fc8724babce21fdf3fe08ef6",
                "sha256:dedf54d72d9e7b6d043c244c8213fe2b8bbfe66874b9a65b39c4cc892dd99dd4",
                "sha256:ea3c2f859346fcd55fc46e96885301d9c2f7a36d453f5d8f2967840efa1e1830",
                "sha256:f0f47bafe9c9b8ed03e19a100a743662dd8c6d0135e684feea720a0d0046d116"
            ],
            "index": "pypi",
            "version": "==0.6.2"
        },
        "pep517": {
            "hashes": [
                "sha256:576c480be81f3e1a70a16182c762311eb80d1f8a7b0d11971e5234967d7a342c",
                "sha256:8e6199cf1288d48a0c44057f112acf18aa5ebabbf73faa242f598fbe145ba29e"
            ],
            "index": "pypi",
            "version": "==0.8.2"
        },
        "progress": {
            "hashes": [
                "sha256:69ecedd1d1bbe71bf6313d88d1e6c4d2957b7f1d4f71312c211257f7dae64372"
            ],
            "index": "pypi",
            "version": "==1.5"
        },
        "pyparsing": {
            "hashes": [
                "sha256:4c830582a84fb022400b85429791bc551f1f4871c33f23e44f353119e92f969f",
                "sha256:c342dccb5250c08d45fd6f8b4a559613ca603b57498511740e65cd11a2e7dcec"
            ],
            "index": "pypi",
            "version": "==2.4.6"
        },
        "pytoml": {
            "hashes": [
                "sha256:57a21e6347049f73bfb62011ff34cd72774c031b9828cb628a752225136dfc33",
                "sha256:8eecf7c8d0adcff3b375b09fe403407aa9b645c499e5ab8cac670ac4a35f61e7"
            ],
            "index": "pypi",
            "version": "==0.1.21"
        },
        "requests": {
            "hashes": [
                "sha256:11e007a8a2aa0323f5a921e9e6a2d7e4e67d9877e85773fba9ba6419025cbeb4",
                "sha256:9cf5292fcd0f598c671cfc1e0d7d1a7f13bb8085e9a590f48c010551dc6c4b31"
            ],
            "index": "pypi",
            "version": "==2.22.0"
        },
        "retrying": {
            "hashes": [
                "sha256:08c039560a6da2fe4f2c426d0766e284d3b736e355f8dd24b37367b0bb41973b"
            ],
            "index": "pypi",
            "version": "==1.3.3"
        },
        "six": {
            "hashes": [
                "sha256:236bdbdce46e6e6a3d61a337c0f8b763ca1e8717c03b369e87a7ec7ce1319c0a",
                "sha256:8f3cd2e254d8f793e7f3d6d9df77b92252b52637291d0f0da013c76ea2724b6c"
            ],
            "index": "pypi",
            "version": "==1.14.0"
        },
        "soupsieve": {
            "hashes": [
                "sha256:1634eea42ab371d3d346309b93df7870a88610f0725d47528be902a0d95ecc55",
                "sha256:a59dc181727e95d25f781f0eb4fd1825ff45590ec8ff49eadfd7f1a537cc0232"
            ],
            "index": "pypi",
            "markers": "python_version >= '3.0'",
            "version": "==2.0.1"
        },
        "toml": {
            "hashes": [
                "sha256:806143ae5bfb6a3c6e736a764057db0e6a0e05e338b5630894a5f779cabb4f9b",
                "sha256:b3bda1d108d5dd99f4a20d24d9c348e91c4db7ab1b749200bded2f839ccbe68f"
            ],
            "version": "==0.10.2"
        },
        "urllib3": {
            "hashes": [
                "sha256:2f3db8b19923a873b3e5256dc9c2dedfa883e33d87c690d9c7913e1f40673cdc",
                "sha256:87716c2d2a7121198ebcb7ce7cccf6ce5e9ba539041cfbaeecfb641dc0bf6acc"
            ],
            "index": "pypi",
            "version": "==1.25.8"
        },
        "webencodings": {
            "hashes": [
                "sha256:a0af1213f3c2226497a97e2b3aa01a7e4bee4f403f95be16fc9acd2947514a78",
                "sha256:b36a1c245f2d304965eb4e0a82848379241dc04b865afcc4aab16748587e1923"
            ],
            "index": "pypi",
            "version": "==0.5.1"
        }
    },
    "develop": {}
}
